%{
  "basefiftyeight": {:hex, :basefiftyeight, "0.1.0", "3d48544743bf9aab7ab02aed803ac42af77acf268c7d8c71d4f39e7fa85ee8d3", [:mix], [], "hexpm"},
  "bsv": {:git, "https://github.com/libitx/bsv-ex.git", "3c870802d2ae8391f9141e49e826e454c664801e", []},
  "con_cache": {:hex, :con_cache, "0.14.0", "863acb90fa08017be3129074993af944cf7a4b6c3ee7c06c5cd0ed6b94fbc223", [:mix], [], "hexpm"},
  "fb": {:git, "https://github.com/functional-bitcoin/agent.git", "02423676b4e074e0c5811510de25a72c93583597", []},
  "fb_agent": {:git, "https://github.com/functional-bitcoin/agent.git", "9541b416a30b6b6b555b2c4a8a89a878d4246439", []},
  "jason": {:hex, :jason, "1.1.2", "b03dedea67a99223a2eaf9f1264ce37154564de899fd3d8b9a21b1a6fd64afe7", [:mix], [{:decimal, "~> 1.0", [hex: :decimal, repo: "hexpm", optional: true]}], "hexpm"},
  "luerl": {:hex, :luerl, "0.4.0", "6d3191f529286b77b765e790a70cc36b6b27d91e97363afa89e0b7394f5116bd", [:rebar3], [], "hexpm"},
  "mime": {:hex, :mime, "1.3.1", "30ce04ab3175b6ad0bdce0035cba77bba68b813d523d1aac73d9781b4d193cf8", [:mix], [], "hexpm"},
  "sandbox": {:hex, :sandbox, "0.3.0", "ddf21746a24abaa582b639359c0c069548d6639d219241d7a627431ba2d42837", [:mix], [{:luerl, "~> 0.4.0", [hex: :luerl, repo: "hexpm", optional: false]}], "hexpm"},
  "tesla": {:hex, :tesla, "1.2.1", "864783cc27f71dd8c8969163704752476cec0f3a51eb3b06393b3971dc9733ff", [:mix], [{:exjsx, ">= 3.0.0", [hex: :exjsx, repo: "hexpm", optional: true]}, {:fuse, "~> 2.4", [hex: :fuse, repo: "hexpm", optional: true]}, {:hackney, "~> 1.6", [hex: :hackney, repo: "hexpm", optional: true]}, {:ibrowse, "~> 4.4.0", [hex: :ibrowse, repo: "hexpm", optional: true]}, {:jason, ">= 1.0.0", [hex: :jason, repo: "hexpm", optional: true]}, {:mime, "~> 1.0", [hex: :mime, repo: "hexpm", optional: false]}, {:poison, ">= 1.0.0", [hex: :poison, repo: "hexpm", optional: true]}], "hexpm"},
}
